{
    "_readme": [
        "This file locks the dependencies of your project to a known state",
        "Read more about it at https://getcomposer.org/doc/01-basic-usage.md#installing-dependencies",
        "This file is @generated automatically"
    ],
    "content-hash": "b6b524a3edd6e00a01c4ccc0a46de5e0",
    "packages": [
        {
            "name": "carry0987/i18n",
            "version": "2.1.3",
            "source": {
                "type": "git",
                "url": "https://github.com/carry0987/PHP-I18n.git",
                "reference": "f6711da5466552297ada934430f126ba22241180"
            },
            "dist": {
                "type": "zip",
                "url": "https://api.github.com/repos/carry0987/PHP-I18n/zipball/f6711da5466552297ada934430f126ba22241180",
                "reference": "f6711da5466552297ada934430f126ba22241180",
                "shasum": ""
            },
            "require": {
                "php": ">=8.0"
            },
            "type": "library",
            "autoload": {
                "psr-4": {
                    "carry0987\\I18n\\": "src/"
                }
            },
            "notification-url": "https://packagist.org/downloads/",
            "license": [
                "MIT"
            ],
            "authors": [
                {
                    "name": "carry0987"
                }
            ],
            "description": "A modern internationalization system featuring JSON-format language files and efficient PHP-based caching. Supports dynamic language switching and real-time cache updates, ideal for rapid development and deployment of multilingual websites and applications.",
            "keywords": [
                "i18n",
                "language",
                "php-i18n"
            ],
            "support": {
                "issues": "https://github.com/carry0987/PHP-I18n/issues",
                "source": "https://github.com/carry0987/PHP-I18n/tree/2.1.3"
            },
            "time": "2024-05-13T13:28:05+00:00"
        },
        {
            "name": "carry0987/redis-tool",
            "version": "1.1.1",
            "source": {
                "type": "git",
                "url": "https://github.com/carry0987/PHP-Redis-Tool.git",
                "reference": "3bedb937a0ba6b449565eca38453bae6c597dec9"
            },
            "dist": {
                "type": "zip",
                "url": "https://api.github.com/repos/carry0987/PHP-Redis-Tool/zipball/3bedb937a0ba6b449565eca38453bae6c597dec9",
                "reference": "3bedb937a0ba6b449565eca38453bae6c597dec9",
                "shasum": ""
            },
            "require": {
                "php": ">=7.2"
            },
            "type": "library",
            "autoload": {
                "psr-4": {
                    "carry0987\\Redis\\": "src/"
                }
            },
            "notification-url": "https://packagist.org/downloads/",
            "license": [
                "MIT"
            ],
            "authors": [
                {
                    "name": "carry0987"
                }
            ],
            "description": "A library for easily manipulating phpredis",
            "keywords": [
                "redis"
            ],
            "support": {
                "issues": "https://github.com/carry0987/PHP-Redis-Tool/issues",
                "source": "https://github.com/carry0987/PHP-Redis-Tool/tree/1.1.1"
            },
            "time": "2024-01-27T18:35:28+00:00"
        },
        {
            "name": "carry0987/restful",
            "version": "1.1.4",
            "source": {
                "type": "git",
                "url": "https://github.com/carry0987/PHP-RESTful.git",
                "reference": "2639038b7811fb1584cad04ae4731f991c492793"
            },
            "dist": {
                "type": "zip",
                "url": "https://api.github.com/repos/carry0987/PHP-RESTful/zipball/2639038b7811fb1584cad04ae4731f991c492793",
                "reference": "2639038b7811fb1584cad04ae4731f991c492793",
                "shasum": ""
            },
            "require": {
                "php": ">=8.0"
            },
            "require-dev": {
                "php": ">=8.0"
            },
            "type": "library",
            "autoload": {
                "psr-4": {
                    "carry0987\\RESTful\\": "src/"
                }
            },
            "notification-url": "https://packagist.org/downloads/",
            "license": [
                "MIT"
            ],
            "authors": [
                {
                    "name": "carry0987"
                }
            ],
            "description": "A simple RESTful API class for PHP, without any framework",
            "keywords": [
                "Simple",
                "api",
                "lightweight",
                "restful"
            ],
            "support": {
                "issues": "https://github.com/carry0987/PHP-RESTful/issues",
                "source": "https://github.com/carry0987/PHP-RESTful/tree/1.1.4"
            },
            "time": "2023-12-05T10:29:22+00:00"
        },
        {
            "name": "carry0987/template-engine",
            "version": "1.2.7",
            "source": {
                "type": "git",
                "url": "https://github.com/carry0987/TemplateEngine.git",
                "reference": "fe0cd100f4e4b81b0e9b8580ddf674ca4df2fdcd"
            },
            "dist": {
                "type": "zip",
                "url": "https://api.github.com/repos/carry0987/TemplateEngine/zipball/fe0cd100f4e4b81b0e9b8580ddf674ca4df2fdcd",
                "reference": "fe0cd100f4e4b81b0e9b8580ddf674ca4df2fdcd",
                "shasum": ""
            },
            "require": {
                "carry0987/redis-tool": "^1.1",
                "php": ">=8.0"
            },
            "type": "library",
            "autoload": {
                "psr-4": {
                    "carry0987\\Template\\": "src/"
                }
            },
            "notification-url": "https://packagist.org/downloads/",
            "license": [
                "MIT"
            ],
            "authors": [
                {
                    "name": "carry0987"
                }
            ],
            "description": "Light & fast php template engine, using Composer",
            "keywords": [
                "engine",
                "template",
                "template-engine"
            ],
            "support": {
                "issues": "https://github.com/carry0987/TemplateEngine/issues",
                "source": "https://github.com/carry0987/TemplateEngine/tree/1.2.7"
            },
            "time": "2024-01-30T16:48:42+00:00"
        }
    ],
    "packages-dev": [],
    "aliases": [],
    "minimum-stability": "stable",
    "stability-flags": [],
    "prefer-stable": false,
    "prefer-lowest": false,
    "platform": [],
    "platform-dev": [],
    "plugin-api-version": "2.6.0"
}
